{
  "nodes": {
    "angrr": {
      "inputs": {
        "nixpkgs": [
          "nixpkgs"
        ]
      },
      "locked": {
        "lastModified": 1785554507,
        "narHash": "sha256-NI7EXya7us6ZH9ME6iqhDvMPbl6IewE1kfL4UuIP27c=",
        "owner": "linyinfeng",
        "repo": "angrr",
        "rev": "45e0f06f3691a494d495b81e6739508657e56b5f",
        "type": "github"
      },
      "original": {
        "owner": "linyinfeng",
        "repo": "angrr",
        "type": "github"
      }
    },
    "deploy-rs": {
      "inputs": {
        "flake-compat": "flake-compat",
        "nixpkgs": [
          "nixpkgs"
        ],
        "utils": "utils"
      },
      "locked": {
        "lastModified": 1786361680,
        "narHash": "sha256-IxaZkb9rCGEZ+yGndxKXONeIEcKMzoFUsvLTB5G/caw=",
        "owner": "serokell",
        "repo": "deploy-rs",
        "rev": "16901271e5b30b591e56f7a84f25f186fb20f3e1",
        "type": "github"
      },
      "original": {
        "owner": "serokell",
        "repo": "deploy-rs",
        "type": "github"
      }
    },
    "eilmeldung": {
      "inputs": {
        "flake-utils": "flake-utils",
        "nixpkgs": [
          "nixpkgs"
        ]
      },
      "locked": {
        "lastModified": 1786705462,
        "narHash": "sha256-vJstggNDa6i53S+2VlMhr3/qYCK0g+dum0WNDZrdBNE=",
        "owner": "christo-auer",
        "repo": "eilmeldung",
        "rev": "74d94dc7767fab3d4edcf6244ac6a96862966434",
        "type": "github"
      },
      "original": {
        "owner": "christo-auer",
        "repo": "eilmeldung",
        "type": "github"
      }
    },
    "flake-compat": {
      "flake": false,
      "locked": {
        "lastModified": 1733328505,
        "narHash": "sha256-NeCCThCEP3eCl2l/+27kNNK7QrwZB1IJCrXfrbv5oqU=",
        "owner": "edolstra",
        "repo": "flake-compat",
        "rev": "ff81ac966bb2cae68946d5ed5fc4994f96d0ffec",
        "type": "github"
      },
      "original": {
        "owner": "edolstra",
        "repo": "flake-compat",
        "type": "github"
      }
    },
    "flake-parts": {
      "inputs": {
        "nixpkgs-lib": [
          "hister",
          "nixpkgs"
        ]
      },
      "locked": {
        "lastModified": 1785627969,
        "narHash": "sha256-4dtXQk/NMePegK/nWp5NSeuZKLATItOq61lpEvmXqGw=",
        "owner": "hercules-ci",
        "repo": "flake-parts",
        "rev": "427bf4bd9435fdf21321c8cc628c24efc14c0f7a",
        "type": "github"
      },
      "original": {
        "owner": "hercules-ci",
        "repo": "flake-parts",
        "type": "github"
      }
    },
    "flake-utils": {
      "inputs": {
        "systems": "systems_2"
      },
      "locked": {
        "lastModified": 1731533236,
        "narHash": "sha256-l0KFg5HjrsfsO/JpG+r7fRrqm12kzFHyUHqHCVpMMbI=",
        "owner": "numtide",
        "repo": "flake-utils",
        "rev": "11707dc2f618dd54ca8739b309ec4fc024de578b",
        "type": "github"
      },
      "original": {
        "owner": "numtide",
        "repo": "flake-utils",
        "type": "github"
      }
    },
    "flake-utils_2": {
      "inputs": {
        "systems": "systems_3"
      },
      "locked": {
        "lastModified": 1731533236,
        "narHash": "sha256-l0KFg5HjrsfsO/JpG+r7fRrqm12kzFHyUHqHCVpMMbI=",
        "owner": "numtide",
        "repo": "flake-utils",
        "rev": "11707dc2f618dd54ca8739b309ec4fc024de578b",
        "type": "github"
      },
      "original": {
        "owner": "numtide",
        "repo": "flake-utils",
        "type": "github"
      }
    },
    "forest-hx": {
      "flake": false,
      "locked": {
        "lastModified": 1786192042,
        "narHash": "sha256-oclnuR77thCeZh/A/qP3xfUuO6hkuAI4eVgEgGUeEjA=",
        "owner": "Ra77a3l3-jar",
        "repo": "forest.hx",
        "rev": "40e5aadf64b652534978a644dfc8536d95f7cabd",
        "type": "github"
      },
      "original": {
        "owner": "Ra77a3l3-jar",
        "repo": "forest.hx",
        "type": "github"
      }
    },
    "glyph-hx": {
      "flake": false,
      "locked": {
        "lastModified": 1785493362,
        "narHash": "sha256-TpYnGqROkKfoB9G+JTjADWvMtpRJbv4NVaTqiUfW1Eg=",
        "owner": "Ra77a3l3-jar",
        "repo": "glyph.hx",
        "rev": "1e63ccbc8f17511543412c955879ba672f3f8ec1",
        "type": "github"
      },
      "original": {
        "owner": "Ra77a3l3-jar",
        "repo": "glyph.hx",
        "type": "github"
      }
    },
    "hister": {
      "inputs": {
        "flake-parts": "flake-parts",
        "nixpkgs": [
          "nixpkgs"
        ]
      },
      "locked": {
        "lastModified": 1786893028,
        "narHash": "sha256-FsIk0YY5zHlFxSxgcyy1kVunklh0UfL+knDA9+GT7gA=",
        "owner": "asciimoo",
        "repo": "hister",
        "rev": "bfbf3069d6439da9d231406b8c0e116bd02788c0",
        "type": "github"
      },
      "original": {
        "owner": "asciimoo",
        "repo": "hister",
        "type": "github"
      }
    },
    "home-manager": {
      "inputs": {
        "nixpkgs": [
          "nixpkgs"
        ]
      },
      "locked": {
        "lastModified": 1786929086,
        "narHash": "sha256-kzpwMyT7i2fTQ41tf/WlsIHuJtf3e0leRBEPkBhUzBY=",
        "owner": "nix-community",
        "repo": "home-manager",
        "rev": "aac4965ddb7ea2ff0f3cadd9502c7042b7aa07ba",
        "type": "github"
      },
      "original": {
        "owner": "nix-community",
        "repo": "home-manager",
        "type": "github"
      }
    },
    "home-manager_2": {
      "inputs": {
        "nixpkgs": [
          "zen-browser",
          "nixpkgs"
        ]
      },
      "locked": {
        "lastModified": 1786719456,
        "narHash": "sha256-B74DLQs/VjlqyhnnX3tguWwghqJHWSJX30TKZuAljIg=",
        "owner": "nix-community",
        "repo": "home-manager",
        "rev": "83b7606dcf44abe3a94b86e8bb2b3355d22e8797",
        "type": "github"
      },
      "original": {
        "owner": "nix-community",
        "repo": "home-manager",
        "type": "github"
      }
    },
    "miniqdb": {
      "inputs": {
        "flake-utils": "flake-utils_2",
        "nixpkgs": [
          "nixpkgs"
        ]
      },
      "locked": {
        "lastModified": 1786432404,
        "narHash": "sha256-py0PAWN9yLirivjdpPY1Nl0psNDvAr7tLKAUCratECc=",
        "owner": "kiliankoe",
        "repo": "miniqdb",
        "rev": "157ee5ccfe67112a7a81e4b3d05b12974d5b8623",
        "type": "github"
      },
      "original": {
        "owner": "kiliankoe",
        "repo": "miniqdb",
        "type": "github"
      }
    },
    "nix-darwin": {
      "inputs": {
        "nixpkgs": [
          "nixpkgs"
        ]
      },
      "locked": {
        "lastModified": 1786845137,
        "narHash": "sha256-oQFip+v0luP8NIxJzmiW4Wu8bILsbFWom5l0zonl8hQ=",
        "owner": "nix-darwin",
        "repo": "nix-darwin",
        "rev": "4cff07de74b50e64bdd68cd4e722ab5b6b35ee48",
        "type": "github"
      },
      "original": {
        "owner": "nix-darwin",
        "repo": "nix-darwin",
        "type": "github"
      }
    },
    "nix-flatpak": {
      "locked": {
        "lastModified": 1783368811,
        "narHash": "sha256-0H8jDwR4Kegb3heaTrH1ftbgKfZVDT8JE+46uXxDy/Q=",
        "owner": "gmodena",
        "repo": "nix-flatpak",
        "rev": "20d42f0ee98c9fe9f85e8d1de474f1409ed10d05",
        "type": "github"
      },
      "original": {
        "owner": "gmodena",
        "repo": "nix-flatpak",
        "type": "github"
      }
    },
    "nix-index-database": {
      "inputs": {
        "nixpkgs": [
          "nixpkgs"
        ]
      },
      "locked": {
        "lastModified": 1786852476,
        "narHash": "sha256-IM5CYtf86W4w8eUPpKcY/LpdHElmVBtJhaKnoTKxZEA=",
        "owner": "nix-community",
        "repo": "nix-index-database",
        "rev": "c7962dc97b45129df8d751bedaf37beb5a17706e",
        "type": "github"
      },
      "original": {
        "owner": "nix-community",
        "repo": "nix-index-database",
        "type": "github"
      }
    },
    "nix-private": {
      "locked": {
        "lastModified": 1787354694,
        "narHash": "sha256-2lGz2fjqis6A7cgjSFc5gqjP5DlYY+cdMRn3iKpgem0=",
        "ref": "refs/heads/main",
        "rev": "7546b1fbaade998afe1df030e6fd9a2781728ef7",
        "revCount": 26,
        "type": "git",
        "url": "ssh://git@github.com/kiliankoe/nix-private"
      },
      "original": {
        "type": "git",
        "url": "ssh://git@github.com/kiliankoe/nix-private"
      }
    },
    "nixpkgs": {
      "locked": {
        "lastModified": 1786862985,
        "narHash": "sha256-FBJRXmbGXiSUDvYEbfLYRkckayyZ6SK1UEqhCrIZ2Cs=",
        "owner": "NixOS",
        "repo": "nixpkgs",
        "rev": "e5bdc4a41d4c072fe1e3787eaa0320a384741d44",
        "type": "github"
      },
      "original": {
        "owner": "NixOS",
        "ref": "nixos-unstable",
        "repo": "nixpkgs",
        "type": "github"
      }
    },
    "nixpkgs_2": {
      "locked": {
        "lastModified": 1786599213,
        "narHash": "sha256-yNJd40f11EzXBjSByCB7IPpeFFAdeoSKKM67dGkfFoU=",
        "owner": "nixos",
        "repo": "nixpkgs",
        "rev": "0e251e24a4f24e036a084b6b4b2d2491af4167f4",
        "type": "github"
      },
      "original": {
        "owner": "nixos",
        "ref": "nixos-unstable",
        "repo": "nixpkgs",
        "type": "github"
      }
    },
    "notify-hx": {
      "flake": false,
      "locked": {
        "lastModified": 1774848700,
        "narHash": "sha256-shKUVnJw2j0yYO+mTHsKie+d1VrJGWDTRul+PTpqlhs=",
        "owner": "chuwy",
        "repo": "notify.hx",
        "rev": "0a328073e6d3e5041346374ae747c275ab8ce746",
        "type": "github"
      },
      "original": {
        "owner": "chuwy",
        "repo": "notify.hx",
        "type": "github"
      }
    },
    "oil-hx": {
      "flake": false,
      "locked": {
        "lastModified": 1785341631,
        "narHash": "sha256-cMpKLYVh5RkrbmKbigYdAjrF8J1wq6KxOfXoZ4AHLeE=",
        "owner": "Ra77a3l3-jar",
        "repo": "oil.hx",
        "rev": "fdd38520dc041d4314a7c5bc13520195b7f06cfa",
        "type": "github"
      },
      "original": {
        "owner": "Ra77a3l3-jar",
        "repo": "oil.hx",
        "type": "github"
      }
    },
    "root": {
      "inputs": {
        "angrr": "angrr",
        "deploy-rs": "deploy-rs",
        "eilmeldung": "eilmeldung",
        "forest-hx": "forest-hx",
        "glyph-hx": "glyph-hx",
        "hister": "hister",
        "home-manager": "home-manager",
        "miniqdb": "miniqdb",
        "nix-darwin": "nix-darwin",
        "nix-flatpak": "nix-flatpak",
        "nix-index-database": "nix-index-database",
        "nix-private": "nix-private",
        "nixpkgs": "nixpkgs",
        "notify-hx": "notify-hx",
        "oil-hx": "oil-hx",
        "showkeys-hx": "showkeys-hx",
        "sops-nix": "sops-nix",
        "ssh-keys": "ssh-keys",
        "terminalist": "terminalist",
        "zen-browser": "zen-browser"
      }
    },
    "showkeys-hx": {
      "flake": false,
      "locked": {
        "lastModified": 1758398598,
        "narHash": "sha256-9oLpZKJ6ZStwr4ijRI2XlUP8fvlR2Boy3qVPW4+YIgQ=",
        "owner": "HeitorAugustoLN",
        "repo": "showkeys.hx",
        "rev": "5996e1ab8df03ac5a708bc569a4bed3791af60bf",
        "type": "github"
      },
      "original": {
        "owner": "HeitorAugustoLN",
        "repo": "showkeys.hx",
        "type": "github"
      }
    },
    "sops-nix": {
      "inputs": {
        "nixpkgs": [
          "nixpkgs"
        ]
      },
      "locked": {
        "lastModified": 1786629091,
        "narHash": "sha256-gkig4nPi1CWc4Z50GBsjE4ygSE7hMpl/TwID2an2Cck=",
        "owner": "Mic92",
        "repo": "sops-nix",
        "rev": "a8627b21b9107c5711c96b84f32a9a4b3d45295f",
        "type": "github"
      },
      "original": {
        "owner": "Mic92",
        "repo": "sops-nix",
        "type": "github"
      }
    },
    "ssh-keys": {
      "flake": false,
      "locked": {
        "narHash": "sha256-RHzxj9xSqJtVHg49jiNDT7QXs50b68zhy0Yx77PkDyM=",
        "type": "file",
        "url": "https://github.com/kiliankoe.keys"
      },
      "original": {
        "type": "file",
        "url": "https://github.com/kiliankoe.keys"
      }
    },
    "systems": {
      "locked": {
        "lastModified": 1681028828,
        "narHash": "sha256-Vy1rq5AaRuLzOxct8nz4T6wlgyUR7zLU309k9mBC768=",
        "owner": "nix-systems",
        "repo": "default",
        "rev": "da67096a3b9bf56a91d16901293e51ba5b49a27e",
        "type": "github"
      },
      "original": {
        "owner": "nix-systems",
        "repo": "default",
        "type": "github"
      }
    },
    "systems_2": {
      "locked": {
        "lastModified": 1681028828,
        "narHash": "sha256-Vy1rq5AaRuLzOxct8nz4T6wlgyUR7zLU309k9mBC768=",
        "owner": "nix-systems",
        "repo": "default",
        "rev": "da67096a3b9bf56a91d16901293e51ba5b49a27e",
        "type": "github"
      },
      "original": {
        "owner": "nix-systems",
        "repo": "default",
        "type": "github"
      }
    },
    "systems_3": {
      "locked": {
        "lastModified": 1681028828,
        "narHash": "sha256-Vy1rq5AaRuLzOxct8nz4T6wlgyUR7zLU309k9mBC768=",
        "owner": "nix-systems",
        "repo": "default",
        "rev": "da67096a3b9bf56a91d16901293e51ba5b49a27e",
        "type": "github"
      },
      "original": {
        "owner": "nix-systems",
        "repo": "default",
        "type": "github"
      }
    },
    "terminalist": {
      "flake": false,
      "locked": {
        "lastModified": 1784889486,
        "narHash": "sha256-vzuAfzIg64xoy8GiYwasZZcW589c0UQRKdUUZ/ivbzI=",
        "owner": "romaintb",
        "repo": "terminalist",
        "rev": "92399c586d8061cfa0fc9a78b07372938e20c66e",
        "type": "github"
      },
      "original": {
        "owner": "romaintb",
        "repo": "terminalist",
        "type": "github"
      }
    },
    "utils": {
      "inputs": {
        "systems": "systems"
      },
      "locked": {
        "lastModified": 1731533236,
        "narHash": "sha256-l0KFg5HjrsfsO/JpG+r7fRrqm12kzFHyUHqHCVpMMbI=",
        "owner": "numtide",
        "repo": "flake-utils",
        "rev": "11707dc2f618dd54ca8739b309ec4fc024de578b",
        "type": "github"
      },
      "original": {
        "owner": "numtide",
        "repo": "flake-utils",
        "type": "github"
      }
    },
    "zen-browser": {
      "inputs": {
        "home-manager": "home-manager_2",
        "nixpkgs": "nixpkgs_2"
      },
      "locked": {
        "lastModified": 1786883935,
        "narHash": "sha256-GE0VmDa7cLMReaNTrzYQ3sFSPUd6ARynENviHdnnUDM=",
        "owner": "0xc000022070",
        "repo": "zen-browser-flake",
        "rev": "37dc6abfa4a2c306b131f74770b1f36288d9bf2e",
        "type": "github"
      },
      "original": {
        "owner": "0xc000022070",
        "repo": "zen-browser-flake",
        "type": "github"
      }
    }
  },
  "root": "root",
  "version": 7
}
